# This file was autogenerated by Stack.
# You should not edit this file by hand.
# For more information, please see the documentation at:
#   https://docs.haskellstack.org/en/stable/lock_files

packages:
- completed:
    name: dependent-base
    pantry-tree:
      sha256: 616990be776060342ee9a61aa42bc303227fb77ce878637bbc2f1a631db8f92e
      size: 733
    sha256: feb10f020fc6041ff21f8c838ce24b44ba8471f7c0cfcb0fe429834230af7560
    size: 2098
    url: https://github.com/eayus/dependent-base/archive/c4ece13a7c29c5603dd096aab3afef27c5c93f0e.tar.gz
    version: 0.0.0
  original:
    url: https://github.com/eayus/dependent-base/archive/c4ece13a7c29c5603dd096aab3afef27c5c93f0e.tar.gz
snapshots:
- completed:
    sha256: a684cdbdf9304b325a503e0fe1d9648e9c18155ce4c7cfebbe8a7f93674e6295
    size: 649106
    url: https://raw.githubusercontent.com/commercialhaskell/stackage-snapshots/master/lts/20/5.yaml
  original: lts-20.5
